
Microsoft Visual Studio Solution File, Format Version 12.00
# Visual Studio Version 16
VisualStudioVersion = 16.0.30621.155
MinimumVisualStudioVersion = 10.0.40219.1
Project("{FAE04EC0-301F-11D3-BF4B-00C04F79EFBC}") = "DUMPinternship-3-oop", "DUMPinternship-3-oop\DUMPinternship-3-oop.csproj", "{DC4661E8-D056-4561-8068-54EB8427CDF7}"
EndProject
Global
	GlobalSection(SolutionConfigurationPlatforms) = preSolution
		Debug|Any CPU = Debug|Any CPU
		Release|Any CPU = Release|Any CPU
	EndGlobalSection
	GlobalSection(ProjectConfigurationPlatforms) = postSolution
		{DC4661E8-D056-4561-8068-54EB8427CDF7}.Debug|Any CPU.ActiveCfg = Debug|Any CPU
		{DC4661E8-D056-4561-8068-54EB8427CDF7}.Debug|Any CPU.Build.0 = Debug|Any CPU
		{DC4661E8-D056-4561-8068-54EB8427CDF7}.Release|Any CPU.ActiveCfg = Release|Any CPU
		{DC4661E8-D056-4561-8068-54EB8427CDF7}.Release|Any CPU.Build.0 = Release|Any CPU
	EndGlobalSection
	GlobalSection(SolutionProperties) = preSolution
		HideSolutionNode = FALSE
	EndGlobalSection
	GlobalSection(ExtensibilityGlobals) = postSolution
		SolutionGuid = {7EF263BE-061E-47F2-B9AB-CA0A5EC76F69}
	EndGlobalSection
EndGlobal
